
Microsoft Visual Studio Solution File, Format Version 12.00
# Visual Studio Version 17
VisualStudioVersion = 17.9.34714.143
MinimumVisualStudioVersion = 10.0.40219.1
Project("{FAE04EC0-301F-11D3-BF4B-00C04F79EFBC}") = "Account.API", "Account.API\Account.API.csproj", "{0DFB1ED5-EAEC-4232-B7C6-27304EF84642}"
EndProject
Project("{FAE04EC0-301F-11D3-BF4B-00C04F79EFBC}") = "Domain", "Domain\Domain.csproj", "{A458746F-66EE-4E79-AF57-5C089B413225}"
EndProject
Project("{FAE04EC0-301F-11D3-BF4B-00C04F79EFBC}") = "Infrastructure", "Infrastructure\Infrastructure.csproj", "{6FF7F13C-AA05-4F74-B0A2-74403D87FF3F}"
EndProject
Project("{FAE04EC0-301F-11D3-BF4B-00C04F79EFBC}") = "Application", "Application\Application.csproj", "{79456C55-45BE-49C4-819B-D1FC137242EE}"
EndProject
Global
	GlobalSection(SolutionConfigurationPlatforms) = preSolution
		Debug|Any CPU = Debug|Any CPU
		Release|Any CPU = Release|Any CPU
	EndGlobalSection
	GlobalSection(ProjectConfigurationPlatforms) = postSolution
		{0DFB1ED5-EAEC-4232-B7C6-27304EF84642}.Debug|Any CPU.ActiveCfg = Debug|Any CPU
		{0DFB1ED5-EAEC-4232-B7C6-27304EF84642}.Debug|Any CPU.Build.0 = Debug|Any CPU
		{0DFB1ED5-EAEC-4232-B7C6-27304EF84642}.Release|Any CPU.ActiveCfg = Release|Any CPU
		{0DFB1ED5-EAEC-4232-B7C6-27304EF84642}.Release|Any CPU.Build.0 = Release|Any CPU
		{A458746F-66EE-4E79-AF57-5C089B413225}.Debug|Any CPU.ActiveCfg = Debug|Any CPU
		{A458746F-66EE-4E79-AF57-5C089B413225}.Debug|Any CPU.Build.0 = Debug|Any CPU
		{A458746F-66EE-4E79-AF57-5C089B413225}.Release|Any CPU.ActiveCfg = Release|Any CPU
		{A458746F-66EE-4E79-AF57-5C089B413225}.Release|Any CPU.Build.0 = Release|Any CPU
		{6FF7F13C-AA05-4F74-B0A2-74403D87FF3F}.Debug|Any CPU.ActiveCfg = Debug|Any CPU
		{6FF7F13C-AA05-4F74-B0A2-74403D87FF3F}.Debug|Any CPU.Build.0 = Debug|Any CPU
		{6FF7F13C-AA05-4F74-B0A2-74403D87FF3F}.Release|Any CPU.ActiveCfg = Release|Any CPU
		{6FF7F13C-AA05-4F74-B0A2-74403D87FF3F}.Release|Any CPU.Build.0 = Release|Any CPU
		{79456C55-45BE-49C4-819B-D1FC137242EE}.Debug|Any CPU.ActiveCfg = Debug|Any CPU
		{79456C55-45BE-49C4-819B-D1FC137242EE}.Debug|Any CPU.Build.0 = Debug|Any CPU
		{79456C55-45BE-49C4-819B-D1FC137242EE}.Release|Any CPU.ActiveCfg = Release|Any CPU
		{79456C55-45BE-49C4-819B-D1FC137242EE}.Release|Any CPU.Build.0 = Release|Any CPU
	EndGlobalSection
	GlobalSection(SolutionProperties) = preSolution
		HideSolutionNode = FALSE
	EndGlobalSection
	GlobalSection(ExtensibilityGlobals) = postSolution
		SolutionGuid = {F37806D1-03BF-4E55-8A97-709FF18F4CC8}
	EndGlobalSection
EndGlobal
